
Microsoft Visual Studio Solution File, Format Version 12.00
# Visual Studio 15
VisualStudioVersion = 15.0.28307.572
MinimumVisualStudioVersion = 10.0.40219.1
Project("{FAE04EC0-301F-11D3-BF4B-00C04F79EFBC}") = "EasynetQSample", "EasynetQSample\EasynetQSample.csproj", "{F47F0C4C-76D6-45AA-BCBC-A7D08454A918}"
EndProject
Project("{FAE04EC0-301F-11D3-BF4B-00C04F79EFBC}") = "EasynetQSample.Subscriber", "EasynetQSample.Subscriber\EasynetQSample.Subscriber.csproj", "{70096024-74DE-4940-B7F4-C4DE3D761373}"
EndProject
Project("{FAE04EC0-301F-11D3-BF4B-00C04F79EFBC}") = "EasynetQSample.Core", "EasynetQSample.Core\EasynetQSample.Core.csproj", "{1B1EA0CE-78D7-476F-807B-4A2715B6505D}"
EndProject
Project("{2150E333-8FDC-42A3-9474-1A3956D46DE8}") = "Simple Publish and Subscribe", "Simple Publish and Subscribe", "{9600BD71-B20F-4C38-8E0E-AB943F025FAE}"
EndProject
Project("{FAE04EC0-301F-11D3-BF4B-00C04F79EFBC}") = "Publish", "Publish\Publish.csproj", "{310B4695-05C4-4028-9B16-3A8A531AEE13}"
EndProject
Project("{FAE04EC0-301F-11D3-BF4B-00C04F79EFBC}") = "Subscribe", "Subscribe\Subscribe.csproj", "{ACF453F5-555F-4B6A-AE2D-F6C0A4671EA7}"
EndProject
Project("{2150E333-8FDC-42A3-9474-1A3956D46DE8}") = "Polymorphic publish and subscribe", "Polymorphic publish and subscribe", "{C800BC02-6DD0-4C94-B690-0F914AAF15CC}"
EndProject
Project("{FAE04EC0-301F-11D3-BF4B-00C04F79EFBC}") = "PolyMorphicPublish", "PolyMorphicPublish\PolyMorphicPublish.csproj", "{1FC2CA2B-A448-432E-B3E9-93515D5D0762}"
EndProject
Project("{FAE04EC0-301F-11D3-BF4B-00C04F79EFBC}") = "PolyMorphicSubscribe", "PolyMorphicSubscribe\PolyMorphicSubscribe.csproj", "{69B192E7-DB35-4AE0-ADB1-B61F60AB874A}"
EndProject
Global
	GlobalSection(SolutionConfigurationPlatforms) = preSolution
		Debug|Any CPU = Debug|Any CPU
		Release|Any CPU = Release|Any CPU
	EndGlobalSection
	GlobalSection(ProjectConfigurationPlatforms) = postSolution
		{F47F0C4C-76D6-45AA-BCBC-A7D08454A918}.Debug|Any CPU.ActiveCfg = Debug|Any CPU
		{F47F0C4C-76D6-45AA-BCBC-A7D08454A918}.Debug|Any CPU.Build.0 = Debug|Any CPU
		{F47F0C4C-76D6-45AA-BCBC-A7D08454A918}.Release|Any CPU.ActiveCfg = Release|Any CPU
		{F47F0C4C-76D6-45AA-BCBC-A7D08454A918}.Release|Any CPU.Build.0 = Release|Any CPU
		{70096024-74DE-4940-B7F4-C4DE3D761373}.Debug|Any CPU.ActiveCfg = Debug|Any CPU
		{70096024-74DE-4940-B7F4-C4DE3D761373}.Debug|Any CPU.Build.0 = Debug|Any CPU
		{70096024-74DE-4940-B7F4-C4DE3D761373}.Release|Any CPU.ActiveCfg = Release|Any CPU
		{70096024-74DE-4940-B7F4-C4DE3D761373}.Release|Any CPU.Build.0 = Release|Any CPU
		{1B1EA0CE-78D7-476F-807B-4A2715B6505D}.Debug|Any CPU.ActiveCfg = Debug|Any CPU
		{1B1EA0CE-78D7-476F-807B-4A2715B6505D}.Debug|Any CPU.Build.0 = Debug|Any CPU
		{1B1EA0CE-78D7-476F-807B-4A2715B6505D}.Release|Any CPU.ActiveCfg = Release|Any CPU
		{1B1EA0CE-78D7-476F-807B-4A2715B6505D}.Release|Any CPU.Build.0 = Release|Any CPU
		{310B4695-05C4-4028-9B16-3A8A531AEE13}.Debug|Any CPU.ActiveCfg = Debug|Any CPU
		{310B4695-05C4-4028-9B16-3A8A531AEE13}.Debug|Any CPU.Build.0 = Debug|Any CPU
		{310B4695-05C4-4028-9B16-3A8A531AEE13}.Release|Any CPU.ActiveCfg = Release|Any CPU
		{310B4695-05C4-4028-9B16-3A8A531AEE13}.Release|Any CPU.Build.0 = Release|Any CPU
		{ACF453F5-555F-4B6A-AE2D-F6C0A4671EA7}.Debug|Any CPU.ActiveCfg = Debug|Any CPU
		{ACF453F5-555F-4B6A-AE2D-F6C0A4671EA7}.Debug|Any CPU.Build.0 = Debug|Any CPU
		{ACF453F5-555F-4B6A-AE2D-F6C0A4671EA7}.Release|Any CPU.ActiveCfg = Release|Any CPU
		{ACF453F5-555F-4B6A-AE2D-F6C0A4671EA7}.Release|Any CPU.Build.0 = Release|Any CPU
		{1FC2CA2B-A448-432E-B3E9-93515D5D0762}.Debug|Any CPU.ActiveCfg = Debug|Any CPU
		{1FC2CA2B-A448-432E-B3E9-93515D5D0762}.Debug|Any CPU.Build.0 = Debug|Any CPU
		{1FC2CA2B-A448-432E-B3E9-93515D5D0762}.Release|Any CPU.ActiveCfg = Release|Any CPU
		{1FC2CA2B-A448-432E-B3E9-93515D5D0762}.Release|Any CPU.Build.0 = Release|Any CPU
		{69B192E7-DB35-4AE0-ADB1-B61F60AB874A}.Debug|Any CPU.ActiveCfg = Debug|Any CPU
		{69B192E7-DB35-4AE0-ADB1-B61F60AB874A}.Debug|Any CPU.Build.0 = Debug|Any CPU
		{69B192E7-DB35-4AE0-ADB1-B61F60AB874A}.Release|Any CPU.ActiveCfg = Release|Any CPU
		{69B192E7-DB35-4AE0-ADB1-B61F60AB874A}.Release|Any CPU.Build.0 = Release|Any CPU
	EndGlobalSection
	GlobalSection(SolutionProperties) = preSolution
		HideSolutionNode = FALSE
	EndGlobalSection
	GlobalSection(NestedProjects) = preSolution
		{310B4695-05C4-4028-9B16-3A8A531AEE13} = {9600BD71-B20F-4C38-8E0E-AB943F025FAE}
		{ACF453F5-555F-4B6A-AE2D-F6C0A4671EA7} = {9600BD71-B20F-4C38-8E0E-AB943F025FAE}
		{1FC2CA2B-A448-432E-B3E9-93515D5D0762} = {C800BC02-6DD0-4C94-B690-0F914AAF15CC}
		{69B192E7-DB35-4AE0-ADB1-B61F60AB874A} = {C800BC02-6DD0-4C94-B690-0F914AAF15CC}
	EndGlobalSection
	GlobalSection(ExtensibilityGlobals) = postSolution
		SolutionGuid = {F7B45D99-DD62-40D4-A922-8D3E82CD619D}
	EndGlobalSection
EndGlobal
